
Microsoft Visual Studio Solution File, Format Version 12.00
# Visual Studio 15
VisualStudioVersion = 15.0.27428.2011
MinimumVisualStudioVersion = 10.0.40219.1
Project("{FAE04EC0-301F-11D3-BF4B-00C04F79EFBC}") = "Part 14 Loops", "Part 14 Loops\Part 14 Loops.csproj", "{F74A4E46-26DA-4F47-90C4-42ECF0F3F5F0}"
EndProject
Global
	GlobalSection(SolutionConfigurationPlatforms) = preSolution
		Debug|Any CPU = Debug|Any CPU
		Release|Any CPU = Release|Any CPU
	EndGlobalSection
	GlobalSection(ProjectConfigurationPlatforms) = postSolution
		{F74A4E46-26DA-4F47-90C4-42ECF0F3F5F0}.Debug|Any CPU.ActiveCfg = Debug|Any CPU
		{F74A4E46-26DA-4F47-90C4-42ECF0F3F5F0}.Debug|Any CPU.Build.0 = Debug|Any CPU
		{F74A4E46-26DA-4F47-90C4-42ECF0F3F5F0}.Release|Any CPU.ActiveCfg = Release|Any CPU
		{F74A4E46-26DA-4F47-90C4-42ECF0F3F5F0}.Release|Any CPU.Build.0 = Release|Any CPU
	EndGlobalSection
	GlobalSection(SolutionProperties) = preSolution
		HideSolutionNode = FALSE
	EndGlobalSection
	GlobalSection(ExtensibilityGlobals) = postSolution
		SolutionGuid = {A22D99DE-4BB1-427E-8E66-DE5DEF1996DA}
	EndGlobalSection
EndGlobal
